
Microsoft Visual Studio Solution File, Format Version 12.00
# Visual Studio Version 16
VisualStudioVersion = 16.0.31624.102
MinimumVisualStudioVersion = 10.0.40219.1
Project("{9A19103F-16F7-4668-BE54-9A1E7A4F7556}") = "Naivart", "Naivart\Naivart.csproj", "{B7D91C09-BE6D-4032-ACC5-0F3C664ECA1C}"
EndProject
Project("{FAE04EC0-301F-11D3-BF4B-00C04F79EFBC}") = "NaivartUnitTest", "NaivartUnitTest\NaivartUnitTest.csproj", "{A64366DD-EEE1-40B7-99A2-7AA4359440EF}"
EndProject
Global
	GlobalSection(SolutionConfigurationPlatforms) = preSolution
		Debug|Any CPU = Debug|Any CPU
		Release|Any CPU = Release|Any CPU
	EndGlobalSection
	GlobalSection(ProjectConfigurationPlatforms) = postSolution
		{B7D91C09-BE6D-4032-ACC5-0F3C664ECA1C}.Debug|Any CPU.ActiveCfg = Debug|Any CPU
		{B7D91C09-BE6D-4032-ACC5-0F3C664ECA1C}.Debug|Any CPU.Build.0 = Debug|Any CPU
		{B7D91C09-BE6D-4032-ACC5-0F3C664ECA1C}.Release|Any CPU.ActiveCfg = Release|Any CPU
		{B7D91C09-BE6D-4032-ACC5-0F3C664ECA1C}.Release|Any CPU.Build.0 = Release|Any CPU
		{A64366DD-EEE1-40B7-99A2-7AA4359440EF}.Debug|Any CPU.ActiveCfg = Debug|Any CPU
		{A64366DD-EEE1-40B7-99A2-7AA4359440EF}.Debug|Any CPU.Build.0 = Debug|Any CPU
		{A64366DD-EEE1-40B7-99A2-7AA4359440EF}.Release|Any CPU.ActiveCfg = Release|Any CPU
		{A64366DD-EEE1-40B7-99A2-7AA4359440EF}.Release|Any CPU.Build.0 = Release|Any CPU
	EndGlobalSection
	GlobalSection(SolutionProperties) = preSolution
		HideSolutionNode = FALSE
	EndGlobalSection
	GlobalSection(ExtensibilityGlobals) = postSolution
		SolutionGuid = {A3462600-7993-40B3-89F7-96699412726E}
	EndGlobalSection
EndGlobal
