
Microsoft Visual Studio Solution File, Format Version 12.00
# Visual Studio Version 16
VisualStudioVersion = 16.0.31624.102
MinimumVisualStudioVersion = 10.0.40219.1
Project("{9A19103F-16F7-4668-BE54-9A1E7A4F7556}") = "Naivart", "Naivart\Naivart.csproj", "{B7D91C09-BE6D-4032-ACC5-0F3C664ECA1C}"
EndProject
Project("{9A19103F-16F7-4668-BE54-9A1E7A4F7556}") = "NaivartIntegrationTests", "NaivartUnitTest\NaivartIntegrationTests.csproj", "{9D2EF28F-EFEB-47B1-A1CF-B6E813DB2985}"
EndProject
Project("{2150E333-8FDC-42A3-9474-1A3956D46DE8}") = "Solution Items", "Solution Items", "{AA5836F4-D857-4064-8C8F-F839E363318F}"
	ProjectSection(SolutionItems) = preProject
		.editorconfig = .editorconfig
	EndProjectSection
EndProject
Project("{FAE04EC0-301F-11D3-BF4B-00C04F79EFBC}") = "NaivartUnitTests", "NaivartTestMoq\NaivartUnitTests.csproj", "{553E1961-E6C5-4258-A89B-76D729813ECD}"
EndProject
Global
	GlobalSection(SolutionConfigurationPlatforms) = preSolution
		Debug|Any CPU = Debug|Any CPU
		Release|Any CPU = Release|Any CPU
	EndGlobalSection
	GlobalSection(ProjectConfigurationPlatforms) = postSolution
		{B7D91C09-BE6D-4032-ACC5-0F3C664ECA1C}.Debug|Any CPU.ActiveCfg = Debug|Any CPU
		{B7D91C09-BE6D-4032-ACC5-0F3C664ECA1C}.Debug|Any CPU.Build.0 = Debug|Any CPU
		{B7D91C09-BE6D-4032-ACC5-0F3C664ECA1C}.Release|Any CPU.ActiveCfg = Release|Any CPU
		{B7D91C09-BE6D-4032-ACC5-0F3C664ECA1C}.Release|Any CPU.Build.0 = Release|Any CPU
		{9D2EF28F-EFEB-47B1-A1CF-B6E813DB2985}.Debug|Any CPU.ActiveCfg = Debug|Any CPU
		{9D2EF28F-EFEB-47B1-A1CF-B6E813DB2985}.Debug|Any CPU.Build.0 = Debug|Any CPU
		{9D2EF28F-EFEB-47B1-A1CF-B6E813DB2985}.Release|Any CPU.ActiveCfg = Release|Any CPU
		{9D2EF28F-EFEB-47B1-A1CF-B6E813DB2985}.Release|Any CPU.Build.0 = Release|Any CPU
		{553E1961-E6C5-4258-A89B-76D729813ECD}.Debug|Any CPU.ActiveCfg = Debug|Any CPU
		{553E1961-E6C5-4258-A89B-76D729813ECD}.Debug|Any CPU.Build.0 = Debug|Any CPU
		{553E1961-E6C5-4258-A89B-76D729813ECD}.Release|Any CPU.ActiveCfg = Release|Any CPU
		{553E1961-E6C5-4258-A89B-76D729813ECD}.Release|Any CPU.Build.0 = Release|Any CPU
	EndGlobalSection
	GlobalSection(SolutionProperties) = preSolution
		HideSolutionNode = FALSE
	EndGlobalSection
	GlobalSection(ExtensibilityGlobals) = postSolution
		SolutionGuid = {A3462600-7993-40B3-89F7-96699412726E}
	EndGlobalSection
EndGlobal
